PODS:
  - Alamofire (1.2.2)
  - Argo (1.0.1):
    - Box (~> 1.2)
    - Runes (~> 1.2)
  - Box (1.2.2)
  - Cartography (0.5.0)
  - Dollar (3.0.0)
  - Expecta (1.0.0)
  - Motif (0.1.2)
  - OCMock (3.1.2)
  - OHHTTPStubs (4.0.1)
  - Realm (0.92.4):
    - Realm/Headers (= 0.92.4)
  - Realm/Headers (0.92.4)
  - Runes (1.2.2)
  - Specta (1.0.0)
  - Timepiece (0.3.2)

DEPENDENCIES:
  - Alamofire
  - Argo
  - Cartography
  - Dollar
  - Expecta
  - Motif
  - OCMock
  - OHHTTPStubs
  - Realm
  - Specta
  - Timepiece

SPEC CHECKSUMS:
  Alamofire: 11a6022f5089887d92ffb5a3014c97a0a915ab98
  Argo: 0adbc4433ad29e202875355610d1a03a74928155
  Box: a92e8aa4c099e6bc0733829665caf9e668ef53b8
  Cartography: 774e5cc446f5a6bca5d4345c5aa6af9a1fe74dc6
  Dollar: 4df780ce1baa410d71e423fee07646abb1106909
  Expecta: 32604574add2c46a36f8d2f716b6c5736eb75024
  Motif: 019df12cd6f816bbfafaa9363b21a1158b8efb5a
  OCMock: a10ea9f0a6e921651f96f78b6faee95ebc813b92
  OHHTTPStubs: 69b1d48b7dfe838a355fdf48d8592d1042e3d85f
  Realm: 4267bae2eb7cf4a1e06ef3dfa7fe96024b28074c
  Runes: 90c9bba2be981c3777ac490aea0fc0c1acff0f97
  Specta: 96fe05fe5c7348b5223f85e862904f6e832abb14
  Timepiece: 28bababfe86526450a26221460a8cca8d44e55fd

COCOAPODS: 0.37.1
