// !$*UTF8*$!
{
	archiveVersion = 1;
	classes = {
	};
	objectVersion = 46;
	objects = {

/* Begin PBXBuildFile section */
		364B154DFC50A2C9D850E84C /* Pods.framework in Frameworks */ = {isa = PBXBuildFile; fileRef = AF5AB66C3E9BBB12D6543D2F /* Pods.framework */; settings = {ATTRIBUTES = (Weak, ); }; };
		632C549B1B1226FF00FAD55E /* AppDelegate.swift in Sources */ = {isa = PBXBuildFile; fileRef = 632C54851B1226FF00FAD55E /* AppDelegate.swift */; };
		632C549C1B1226FF00FAD55E /* EventManager.swift in Sources */ = {isa = PBXBuildFile; fileRef = 632C54861B1226FF00FAD55E /* EventManager.swift */; };
		632C549D1B1226FF00FAD55E /* EventsViewController.swift in Sources */ = {isa = PBXBuildFile; fileRef = 632C54871B1226FF00FAD55E /* EventsViewController.swift */; };
		632C549E1B1226FF00FAD55E /* Contents.json in Resources */ = {isa = PBXBuildFile; fileRef = 632C548C1B1226FF00FAD55E /* Contents.json */; };
		632C549F1B1226FF00FAD55E /* LaunchScreen.xib in Resources */ = {isa = PBXBuildFile; fileRef = 632C548F1B1226FF00FAD55E /* LaunchScreen.xib */; };
		632C54A11B1226FF00FAD55E /* Settings.bundle in Resources */ = {isa = PBXBuildFile; fileRef = 632C54931B1226FF00FAD55E /* Settings.bundle */; };
		632C54A21B1226FF00FAD55E /* Main.storyboard in Resources */ = {isa = PBXBuildFile; fileRef = 632C54941B1226FF00FAD55E /* Main.storyboard */; };
		632C54A31B1226FF00FAD55E /* EventCell.swift in Sources */ = {isa = PBXBuildFile; fileRef = 632C54981B1226FF00FAD55E /* EventCell.swift */; };
		63485D0A1B13FB5E004CCF63 /* EventCollection.swift in Sources */ = {isa = PBXBuildFile; fileRef = 63485D091B13FB5E004CCF63 /* EventCollection.swift */; };
		63485D0D1B1542C0004CCF63 /* NSDate+Eventually.swift in Sources */ = {isa = PBXBuildFile; fileRef = 63485D0C1B1542C0004CCF63 /* NSDate+Eventually.swift */; };
		6355D4051B161FBB007C487D /* EventListView.swift in Sources */ = {isa = PBXBuildFile; fileRef = 6355D4041B161FBB007C487D /* EventListView.swift */; };
		6355D4071B16202B007C487D /* NavigationBar.swift in Sources */ = {isa = PBXBuildFile; fileRef = 6355D4061B16202B007C487D /* NavigationBar.swift */; };
		6355D41B1B166F62007C487D /* AktivGrotesk_Trial_Bd.ttf in Resources */ = {isa = PBXBuildFile; fileRef = 6355D4091B166F62007C487D /* AktivGrotesk_Trial_Bd.ttf */; };
		6355D41C1B166F62007C487D /* AktivGrotesk_Trial_BdIt.ttf in Resources */ = {isa = PBXBuildFile; fileRef = 6355D40A1B166F62007C487D /* AktivGrotesk_Trial_BdIt.ttf */; };
		6355D41D1B166F62007C487D /* AktivGrotesk_Trial_Blk.ttf in Resources */ = {isa = PBXBuildFile; fileRef = 6355D40B1B166F62007C487D /* AktivGrotesk_Trial_Blk.ttf */; };
		6355D41E1B166F62007C487D /* AktivGrotesk_Trial_BlkIt.ttf in Resources */ = {isa = PBXBuildFile; fileRef = 6355D40C1B166F62007C487D /* AktivGrotesk_Trial_BlkIt.ttf */; };
		6355D41F1B166F62007C487D /* AktivGrotesk_Trial_Hair.ttf in Resources */ = {isa = PBXBuildFile; fileRef = 6355D40D1B166F62007C487D /* AktivGrotesk_Trial_Hair.ttf */; };
		6355D4201B166F62007C487D /* AktivGrotesk_Trial_HairIt.ttf in Resources */ = {isa = PBXBuildFile; fileRef = 6355D40E1B166F62007C487D /* AktivGrotesk_Trial_HairIt.ttf */; };
		6355D4211B166F62007C487D /* AktivGrotesk_Trial_It.ttf in Resources */ = {isa = PBXBuildFile; fileRef = 6355D40F1B166F62007C487D /* AktivGrotesk_Trial_It.ttf */; };
		6355D4221B166F62007C487D /* AktivGrotesk_Trial_Lt.ttf in Resources */ = {isa = PBXBuildFile; fileRef = 6355D4101B166F62007C487D /* AktivGrotesk_Trial_Lt.ttf */; };
		6355D4231B166F62007C487D /* AktivGrotesk_Trial_LtIt.ttf in Resources */ = {isa = PBXBuildFile; fileRef = 6355D4111B166F62007C487D /* AktivGrotesk_Trial_LtIt.ttf */; };
		6355D4241B166F62007C487D /* AktivGrotesk_Trial_Md.ttf in Resources */ = {isa = PBXBuildFile; fileRef = 6355D4121B166F62007C487D /* AktivGrotesk_Trial_Md.ttf */; };
		6355D4251B166F62007C487D /* AktivGrotesk_Trial_MdIt.ttf in Resources */ = {isa = PBXBuildFile; fileRef = 6355D4131B166F62007C487D /* AktivGrotesk_Trial_MdIt.ttf */; };
		6355D4261B166F62007C487D /* AktivGrotesk_Trial_Rg.ttf in Resources */ = {isa = PBXBuildFile; fileRef = 6355D4141B166F62007C487D /* AktivGrotesk_Trial_Rg.ttf */; };
		6355D4271B166F62007C487D /* AktivGrotesk_Trial_Th.ttf in Resources */ = {isa = PBXBuildFile; fileRef = 6355D4151B166F62007C487D /* AktivGrotesk_Trial_Th.ttf */; };
		6355D4281B166F62007C487D /* AktivGrotesk_Trial_ThIt.ttf in Resources */ = {isa = PBXBuildFile; fileRef = 6355D4161B166F62007C487D /* AktivGrotesk_Trial_ThIt.ttf */; };
		6355D4291B166F62007C487D /* AktivGrotesk_Trial_XBd.ttf in Resources */ = {isa = PBXBuildFile; fileRef = 6355D4171B166F62007C487D /* AktivGrotesk_Trial_XBd.ttf */; };
		6355D42A1B166F62007C487D /* AktivGrotesk_Trial_XBdIt.ttf in Resources */ = {isa = PBXBuildFile; fileRef = 6355D4181B166F62007C487D /* AktivGrotesk_Trial_XBdIt.ttf */; };
		6355D42B1B166F62007C487D /* Release_notes_Aktiv_Grotesk_V2.000.txt in Resources */ = {isa = PBXBuildFile; fileRef = 6355D4191B166F62007C487D /* Release_notes_Aktiv_Grotesk_V2.000.txt */; };
		6355D42C1B166F62007C487D /* TrialLicenceAgreement.pdf in Resources */ = {isa = PBXBuildFile; fileRef = 6355D41A1B166F62007C487D /* TrialLicenceAgreement.pdf */; };
		6355D42E1B167262007C487D /* DateHeaderCell.swift in Sources */ = {isa = PBXBuildFile; fileRef = 6355D42D1B167262007C487D /* DateHeaderCell.swift */; };
		6355D4301B167803007C487D /* UIView+Eventually.swift in Sources */ = {isa = PBXBuildFile; fileRef = 6355D42F1B167803007C487D /* UIView+Eventually.swift */; };
		6355D4321B168868007C487D /* UIColor+Eventually.swift in Sources */ = {isa = PBXBuildFile; fileRef = 6355D4311B168868007C487D /* UIColor+Eventually.swift */; };
		6355D4341B16AE31007C487D /* FlowLayout.swift in Sources */ = {isa = PBXBuildFile; fileRef = 6355D4331B16AE31007C487D /* FlowLayout.swift */; };
		6355D4361B175F91007C487D /* Toolbar.swift in Sources */ = {isa = PBXBuildFile; fileRef = 6355D4351B175F91007C487D /* Toolbar.swift */; };
		63B66BA21B1BC92400BF76D4 /* EventDetailViewController.swift in Sources */ = {isa = PBXBuildFile; fileRef = 63B66BA11B1BC92400BF76D4 /* EventDetailViewController.swift */; };
		63B66BA61B1BE11800BF76D4 /* EventDetailView.swift in Sources */ = {isa = PBXBuildFile; fileRef = 63B66BA51B1BE11800BF76D4 /* EventDetailView.swift */; };
		63B66BA81B1BE22600BF76D4 /* UIFont+Eventually.swift in Sources */ = {isa = PBXBuildFile; fileRef = 63B66BA71B1BE22600BF76D4 /* UIFont+Eventually.swift */; };
		63B66BAA1B21082300BF76D4 /* ComposeEventViewController.swift in Sources */ = {isa = PBXBuildFile; fileRef = 63B66BA91B21082300BF76D4 /* ComposeEventViewController.swift */; };
		9BD7C359A82237E6129DBCD3 /* Foundation.framework in Frameworks */ = {isa = PBXBuildFile; fileRef = 28D36F4E2F2C753214054335 /* Foundation.framework */; };
		F6B30D09B2728C9F074CD9C1 /* Pods_unit_tests.framework in Frameworks */ = {isa = PBXBuildFile; fileRef = 01CB7E8D93C187BBEC6EC18A /* Pods_unit_tests.framework */; settings = {ATTRIBUTES = (Weak, ); }; };
/* End PBXBuildFile section */

/* Begin PBXContainerItemProxy section */
		B6228DCDF70B69ABBAA509F0 /* PBXContainerItemProxy */ = {
			isa = PBXContainerItemProxy;
			containerPortal = AB62D4AF7AAA1A13C2C9C62D /* Project object */;
			proxyType = 1;
			remoteGlobalIDString = BF50A99B50C0FF2B1698C756;
			remoteInfo = Almanac;
		};
/* End PBXContainerItemProxy section */

/* Begin PBXFileReference section */
		01CB7E8D93C187BBEC6EC18A /* Pods_unit_tests.framework */ = {isa = PBXFileReference; explicitFileType = wrapper.framework; includeInIndex = 0; path = Pods_unit_tests.framework; sourceTree = BUILT_PRODUCTS_DIR; };
		06338A4A19845DCA30611F5A /* Eventually.app */ = {isa = PBXFileReference; explicitFileType = wrapper.application; includeInIndex = 0; path = Eventually.app; sourceTree = BUILT_PRODUCTS_DIR; };
		0914A2168B0A61D6C894FFAC /* Pods.debug.xcconfig */ = {isa = PBXFileReference; includeInIndex = 1; lastKnownFileType = text.xcconfig; name = Pods.debug.xcconfig; path = "Pods/Target Support Files/Pods/Pods.debug.xcconfig"; sourceTree = "<group>"; };
		0C9C40B995F5ACADED7FC609 /* Pods-unit_tests.release.xcconfig */ = {isa = PBXFileReference; includeInIndex = 1; lastKnownFileType = text.xcconfig; name = "Pods-unit_tests.release.xcconfig"; path = "Pods/Target Support Files/Pods-unit_tests/Pods-unit_tests.release.xcconfig"; sourceTree = "<group>"; };
		28D36F4E2F2C753214054335 /* Foundation.framework */ = {isa = PBXFileReference; lastKnownFileType = wrapper.framework; name = Foundation.framework; path = Platforms/iPhoneOS.platform/Developer/SDKs/iPhoneOS7.1.sdk/System/Library/Frameworks/Foundation.framework; sourceTree = DEVELOPER_DIR; };
		632C54851B1226FF00FAD55E /* AppDelegate.swift */ = {isa = PBXFileReference; fileEncoding = 4; lastKnownFileType = sourcecode.swift; path = AppDelegate.swift; sourceTree = "<group>"; };
		632C54861B1226FF00FAD55E /* EventManager.swift */ = {isa = PBXFileReference; fileEncoding = 4; lastKnownFileType = sourcecode.swift; path = EventManager.swift; sourceTree = "<group>"; };
		632C54871B1226FF00FAD55E /* EventsViewController.swift */ = {isa = PBXFileReference; fileEncoding = 4; lastKnownFileType = sourcecode.swift; path = EventsViewController.swift; sourceTree = "<group>"; };
		632C548C1B1226FF00FAD55E /* Contents.json */ = {isa = PBXFileReference; fileEncoding = 4; lastKnownFileType = text.json; path = Contents.json; sourceTree = "<group>"; };
		632C548F1B1226FF00FAD55E /* LaunchScreen.xib */ = {isa = PBXFileReference; fileEncoding = 4; lastKnownFileType = file.xib; path = LaunchScreen.xib; sourceTree = "<group>"; };
		632C54911B1226FF00FAD55E /* Info.plist */ = {isa = PBXFileReference; fileEncoding = 4; lastKnownFileType = text.plist.xml; path = Info.plist; sourceTree = "<group>"; };
		632C54931B1226FF00FAD55E /* Settings.bundle */ = {isa = PBXFileReference; lastKnownFileType = "wrapper.plug-in"; path = Settings.bundle; sourceTree = "<group>"; };
		632C54941B1226FF00FAD55E /* Main.storyboard */ = {isa = PBXFileReference; fileEncoding = 4; lastKnownFileType = file.storyboard; path = Main.storyboard; sourceTree = "<group>"; };
		632C54981B1226FF00FAD55E /* EventCell.swift */ = {isa = PBXFileReference; fileEncoding = 4; lastKnownFileType = sourcecode.swift; path = EventCell.swift; sourceTree = "<group>"; };
		63485D091B13FB5E004CCF63 /* EventCollection.swift */ = {isa = PBXFileReference; fileEncoding = 4; lastKnownFileType = sourcecode.swift; path = EventCollection.swift; sourceTree = "<group>"; };
		63485D0C1B1542C0004CCF63 /* NSDate+Eventually.swift */ = {isa = PBXFileReference; fileEncoding = 4; lastKnownFileType = sourcecode.swift; path = "NSDate+Eventually.swift"; sourceTree = "<group>"; };
		63485D0F1B157564004CCF63 /* Eventually-Bridging-Header.h */ = {isa = PBXFileReference; lastKnownFileType = sourcecode.c.h; path = "Eventually-Bridging-Header.h"; sourceTree = "<group>"; };
		6355D4041B161FBB007C487D /* EventListView.swift */ = {isa = PBXFileReference; fileEncoding = 4; lastKnownFileType = sourcecode.swift; path = EventListView.swift; sourceTree = "<group>"; };
		6355D4061B16202B007C487D /* NavigationBar.swift */ = {isa = PBXFileReference; fileEncoding = 4; lastKnownFileType = sourcecode.swift; path = NavigationBar.swift; sourceTree = "<group>"; };
		6355D4091B166F62007C487D /* AktivGrotesk_Trial_Bd.ttf */ = {isa = PBXFileReference; lastKnownFileType = file; path = AktivGrotesk_Trial_Bd.ttf; sourceTree = "<group>"; };
		6355D40A1B166F62007C487D /* AktivGrotesk_Trial_BdIt.ttf */ = {isa = PBXFileReference; lastKnownFileType = file; path = AktivGrotesk_Trial_BdIt.ttf; sourceTree = "<group>"; };
		6355D40B1B166F62007C487D /* AktivGrotesk_Trial_Blk.ttf */ = {isa = PBXFileReference; lastKnownFileType = file; path = AktivGrotesk_Trial_Blk.ttf; sourceTree = "<group>"; };
		6355D40C1B166F62007C487D /* AktivGrotesk_Trial_BlkIt.ttf */ = {isa = PBXFileReference; lastKnownFileType = file; path = AktivGrotesk_Trial_BlkIt.ttf; sourceTree = "<group>"; };
		6355D40D1B166F62007C487D /* AktivGrotesk_Trial_Hair.ttf */ = {isa = PBXFileReference; lastKnownFileType = file; path = AktivGrotesk_Trial_Hair.ttf; sourceTree = "<group>"; };
		6355D40E1B166F62007C487D /* AktivGrotesk_Trial_HairIt.ttf */ = {isa = PBXFileReference; lastKnownFileType = file; path = AktivGrotesk_Trial_HairIt.ttf; sourceTree = "<group>"; };
		6355D40F1B166F62007C487D /* AktivGrotesk_Trial_It.ttf */ = {isa = PBXFileReference; lastKnownFileType = file; path = AktivGrotesk_Trial_It.ttf; sourceTree = "<group>"; };
		6355D4101B166F62007C487D /* AktivGrotesk_Trial_Lt.ttf */ = {isa = PBXFileReference; lastKnownFileType = file; path = AktivGrotesk_Trial_Lt.ttf; sourceTree = "<group>"; };
		6355D4111B166F62007C487D /* AktivGrotesk_Trial_LtIt.ttf */ = {isa = PBXFileReference; lastKnownFileType = file; path = AktivGrotesk_Trial_LtIt.ttf; sourceTree = "<group>"; };
		6355D4121B166F62007C487D /* AktivGrotesk_Trial_Md.ttf */ = {isa = PBXFileReference; lastKnownFileType = file; path = AktivGrotesk_Trial_Md.ttf; sourceTree = "<group>"; };
		6355D4131B166F62007C487D /* AktivGrotesk_Trial_MdIt.ttf */ = {isa = PBXFileReference; lastKnownFileType = file; path = AktivGrotesk_Trial_MdIt.ttf; sourceTree = "<group>"; };
		6355D4141B166F62007C487D /* AktivGrotesk_Trial_Rg.ttf */ = {isa = PBXFileReference; lastKnownFileType = file; path = AktivGrotesk_Trial_Rg.ttf; sourceTree = "<group>"; };
		6355D4151B166F62007C487D /* AktivGrotesk_Trial_Th.ttf */ = {isa = PBXFileReference; lastKnownFileType = file; path = AktivGrotesk_Trial_Th.ttf; sourceTree = "<group>"; };
		6355D4161B166F62007C487D /* AktivGrotesk_Trial_ThIt.ttf */ = {isa = PBXFileReference; lastKnownFileType = file; path = AktivGrotesk_Trial_ThIt.ttf; sourceTree = "<group>"; };
		6355D4171B166F62007C487D /* AktivGrotesk_Trial_XBd.ttf */ = {isa = PBXFileReference; lastKnownFileType = file; path = AktivGrotesk_Trial_XBd.ttf; sourceTree = "<group>"; };
		6355D4181B166F62007C487D /* AktivGrotesk_Trial_XBdIt.ttf */ = {isa = PBXFileReference; lastKnownFileType = file; path = AktivGrotesk_Trial_XBdIt.ttf; sourceTree = "<group>"; };
		6355D4191B166F62007C487D /* Release_notes_Aktiv_Grotesk_V2.000.txt */ = {isa = PBXFileReference; fileEncoding = 4; lastKnownFileType = text; path = Release_notes_Aktiv_Grotesk_V2.000.txt; sourceTree = "<group>"; };
		6355D41A1B166F62007C487D /* TrialLicenceAgreement.pdf */ = {isa = PBXFileReference; lastKnownFileType = image.pdf; path = TrialLicenceAgreement.pdf; sourceTree = "<group>"; };
		6355D42D1B167262007C487D /* DateHeaderCell.swift */ = {isa = PBXFileReference; fileEncoding = 4; lastKnownFileType = sourcecode.swift; path = DateHeaderCell.swift; sourceTree = "<group>"; };
		6355D42F1B167803007C487D /* UIView+Eventually.swift */ = {isa = PBXFileReference; fileEncoding = 4; lastKnownFileType = sourcecode.swift; path = "UIView+Eventually.swift"; sourceTree = "<group>"; };
		6355D4311B168868007C487D /* UIColor+Eventually.swift */ = {isa = PBXFileReference; fileEncoding = 4; lastKnownFileType = sourcecode.swift; path = "UIColor+Eventually.swift"; sourceTree = "<group>"; };
		6355D4331B16AE31007C487D /* FlowLayout.swift */ = {isa = PBXFileReference; fileEncoding = 4; lastKnownFileType = sourcecode.swift; path = FlowLayout.swift; sourceTree = "<group>"; };
		6355D4351B175F91007C487D /* Toolbar.swift */ = {isa = PBXFileReference; fileEncoding = 4; lastKnownFileType = sourcecode.swift; path = Toolbar.swift; sourceTree = "<group>"; };
		63B66BA11B1BC92400BF76D4 /* EventDetailViewController.swift */ = {isa = PBXFileReference; fileEncoding = 4; lastKnownFileType = sourcecode.swift; path = EventDetailViewController.swift; sourceTree = "<group>"; };
		63B66BA51B1BE11800BF76D4 /* EventDetailView.swift */ = {isa = PBXFileReference; fileEncoding = 4; lastKnownFileType = sourcecode.swift; path = EventDetailView.swift; sourceTree = "<group>"; };
		63B66BA71B1BE22600BF76D4 /* UIFont+Eventually.swift */ = {isa = PBXFileReference; fileEncoding = 4; lastKnownFileType = sourcecode.swift; path = "UIFont+Eventually.swift"; sourceTree = "<group>"; };
		63B66BA91B21082300BF76D4 /* ComposeEventViewController.swift */ = {isa = PBXFileReference; fileEncoding = 4; lastKnownFileType = sourcecode.swift; path = ComposeEventViewController.swift; sourceTree = "<group>"; };
		7C77E345F51502277A5D32A6 /* Pods.release.xcconfig */ = {isa = PBXFileReference; includeInIndex = 1; lastKnownFileType = text.xcconfig; name = Pods.release.xcconfig; path = "Pods/Target Support Files/Pods/Pods.release.xcconfig"; sourceTree = "<group>"; };
		AF5AB66C3E9BBB12D6543D2F /* Pods.framework */ = {isa = PBXFileReference; explicitFileType = wrapper.framework; includeInIndex = 0; path = Pods.framework; sourceTree = BUILT_PRODUCTS_DIR; };
		D30C054156418424DFF3954B /* UnitTests-Info.plist */ = {isa = PBXFileReference; includeInIndex = 1; lastKnownFileType = text.plist.xml; path = "UnitTests-Info.plist"; sourceTree = "<group>"; };
		DF469AFE43C239A216347058 /* Pods-unit_tests.debug.xcconfig */ = {isa = PBXFileReference; includeInIndex = 1; lastKnownFileType = text.xcconfig; name = "Pods-unit_tests.debug.xcconfig"; path = "Pods/Target Support Files/Pods-unit_tests/Pods-unit_tests.debug.xcconfig"; sourceTree = "<group>"; };
		FBE0E30AB505365EACD4F9D8 /* UnitTests.xctest */ = {isa = PBXFileReference; explicitFileType = wrapper.cfbundle; includeInIndex = 0; path = UnitTests.xctest; sourceTree = BUILT_PRODUCTS_DIR; };
/* End PBXFileReference section */

/* Begin PBXFrameworksBuildPhase section */
		4EFB3D80C3984B50964C3158 /* Frameworks */ = {
			isa = PBXFrameworksBuildPhase;
			buildActionMask = 2147483647;
			files = (
				9BD7C359A82237E6129DBCD3 /* Foundation.framework in Frameworks */,
				364B154DFC50A2C9D850E84C /* Pods.framework in Frameworks */,
			);
			runOnlyForDeploymentPostprocessing = 0;
		};
		7A2149BD6D3F6FAE13E48F7F /* Frameworks */ = {
			isa = PBXFrameworksBuildPhase;
			buildActionMask = 2147483647;
			files = (
				F6B30D09B2728C9F074CD9C1 /* Pods_unit_tests.framework in Frameworks */,
			);
			runOnlyForDeploymentPostprocessing = 0;
		};
/* End PBXFrameworksBuildPhase section */

/* Begin PBXGroup section */
		1DC9548976DEC5D887A8FB65 /* iOS */ = {
			isa = PBXGroup;
			children = (
				28D36F4E2F2C753214054335 /* Foundation.framework */,
			);
			name = iOS;
			sourceTree = "<group>";
		};
		2B035AB7D7F142AE0F8C8964 /* Products */ = {
			isa = PBXGroup;
			children = (
				06338A4A19845DCA30611F5A /* Eventually.app */,
				FBE0E30AB505365EACD4F9D8 /* UnitTests.xctest */,
			);
			name = Products;
			sourceTree = "<group>";
		};
		2D3519B3810B1DFEA5EE27A4 /* Resources */ = {
			isa = PBXGroup;
			children = (
				D30C054156418424DFF3954B /* UnitTests-Info.plist */,
			);
			path = Resources;
			sourceTree = "<group>";
		};
		3086D0659C2F86BF2485BF48 /* Tests */ = {
			isa = PBXGroup;
			children = (
			);
			path = Tests;
			sourceTree = "<group>";
		};
		423B3F5D7B6F84B44AAB6858 /* UnitTests */ = {
			isa = PBXGroup;
			children = (
				2D3519B3810B1DFEA5EE27A4 /* Resources */,
				7C0FCFA3A6188177AC54EB96 /* Helpers */,
				3086D0659C2F86BF2485BF48 /* Tests */,
			);
			path = UnitTests;
			sourceTree = "<group>";
		};
		632C54881B1226FF00FAD55E /* Controllers */ = {
			isa = PBXGroup;
			children = (
				63B66BA91B21082300BF76D4 /* ComposeEventViewController.swift */,
				6355D4331B16AE31007C487D /* FlowLayout.swift */,
				632C54851B1226FF00FAD55E /* AppDelegate.swift */,
				632C54861B1226FF00FAD55E /* EventManager.swift */,
				632C54871B1226FF00FAD55E /* EventsViewController.swift */,
				63B66BA11B1BC92400BF76D4 /* EventDetailViewController.swift */,
			);
			path = Controllers;
			sourceTree = "<group>";
		};
		632C54891B1226FF00FAD55E /* Extensions */ = {
			isa = PBXGroup;
			children = (
				63B66BA71B1BE22600BF76D4 /* UIFont+Eventually.swift */,
				6355D4311B168868007C487D /* UIColor+Eventually.swift */,
				63485D0C1B1542C0004CCF63 /* NSDate+Eventually.swift */,
				6355D42F1B167803007C487D /* UIView+Eventually.swift */,
			);
			path = Extensions;
			sourceTree = "<group>";
		};
		632C548A1B1226FF00FAD55E /* Models */ = {
			isa = PBXGroup;
			children = (
			);
			path = Models;
			sourceTree = "<group>";
		};
		632C548B1B1226FF00FAD55E /* Protocols */ = {
			isa = PBXGroup;
			children = (
			);
			path = Protocols;
			sourceTree = "<group>";
		};
		632C548D1B1226FF00FAD55E /* AppIcon.appiconset */ = {
			isa = PBXGroup;
			children = (
				632C548C1B1226FF00FAD55E /* Contents.json */,
			);
			path = AppIcon.appiconset;
			sourceTree = "<group>";
		};
		632C548E1B1226FF00FAD55E /* Images.xcassets */ = {
			isa = PBXGroup;
			children = (
				632C548D1B1226FF00FAD55E /* AppIcon.appiconset */,
			);
			path = Images.xcassets;
			sourceTree = "<group>";
		};
		632C54901B1226FF00FAD55E /* Nibs */ = {
			isa = PBXGroup;
			children = (
				632C548F1B1226FF00FAD55E /* LaunchScreen.xib */,
			);
			path = Nibs;
			sourceTree = "<group>";
		};
		632C54921B1226FF00FAD55E /* Other-Sources */ = {
			isa = PBXGroup;
			children = (
				632C54911B1226FF00FAD55E /* Info.plist */,
			);
			path = "Other-Sources";
			sourceTree = "<group>";
		};
		632C54951B1226FF00FAD55E /* Storyboards */ = {
			isa = PBXGroup;
			children = (
				632C54941B1226FF00FAD55E /* Main.storyboard */,
			);
			path = Storyboards;
			sourceTree = "<group>";
		};
		632C54961B1226FF00FAD55E /* Resources */ = {
			isa = PBXGroup;
			children = (
				6355D4081B166F62007C487D /* Fonts */,
				632C548E1B1226FF00FAD55E /* Images.xcassets */,
				632C54901B1226FF00FAD55E /* Nibs */,
				632C54921B1226FF00FAD55E /* Other-Sources */,
				632C54931B1226FF00FAD55E /* Settings.bundle */,
				632C54951B1226FF00FAD55E /* Storyboards */,
			);
			path = Resources;
			sourceTree = "<group>";
		};
		632C54971B1226FF00FAD55E /* ViewModels */ = {
			isa = PBXGroup;
			children = (
			);
			path = ViewModels;
			sourceTree = "<group>";
		};
		632C54991B1226FF00FAD55E /* Views */ = {
			isa = PBXGroup;
			children = (
				6355D4351B175F91007C487D /* Toolbar.swift */,
				63B66BA51B1BE11800BF76D4 /* EventDetailView.swift */,
				6355D4041B161FBB007C487D /* EventListView.swift */,
				6355D42D1B167262007C487D /* DateHeaderCell.swift */,
				632C54981B1226FF00FAD55E /* EventCell.swift */,
				6355D4061B16202B007C487D /* NavigationBar.swift */,
			);
			path = Views;
			sourceTree = "<group>";
		};
		632C549A1B1226FF00FAD55E /* Eventually */ = {
			isa = PBXGroup;
			children = (
				632C54891B1226FF00FAD55E /* Extensions */,
				632C548A1B1226FF00FAD55E /* Models */,
				632C54881B1226FF00FAD55E /* Controllers */,
				632C54971B1226FF00FAD55E /* ViewModels */,
				63485D0B1B13FB65004CCF63 /* Types */,
				632C54991B1226FF00FAD55E /* Views */,
				632C548B1B1226FF00FAD55E /* Protocols */,
				632C54961B1226FF00FAD55E /* Resources */,
				63485D0F1B157564004CCF63 /* Eventually-Bridging-Header.h */,
			);
			path = Eventually;
			sourceTree = "<group>";
		};
		63485D0B1B13FB65004CCF63 /* Types */ = {
			isa = PBXGroup;
			children = (
				63485D091B13FB5E004CCF63 /* EventCollection.swift */,
			);
			path = Types;
			sourceTree = "<group>";
		};
		6355D4081B166F62007C487D /* Fonts */ = {
			isa = PBXGroup;
			children = (
				6355D4091B166F62007C487D /* AktivGrotesk_Trial_Bd.ttf */,
				6355D40A1B166F62007C487D /* AktivGrotesk_Trial_BdIt.ttf */,
				6355D40B1B166F62007C487D /* AktivGrotesk_Trial_Blk.ttf */,
				6355D40C1B166F62007C487D /* AktivGrotesk_Trial_BlkIt.ttf */,
				6355D40D1B166F62007C487D /* AktivGrotesk_Trial_Hair.ttf */,
				6355D40E1B166F62007C487D /* AktivGrotesk_Trial_HairIt.ttf */,
				6355D40F1B166F62007C487D /* AktivGrotesk_Trial_It.ttf */,
				6355D4101B166F62007C487D /* AktivGrotesk_Trial_Lt.ttf */,
				6355D4111B166F62007C487D /* AktivGrotesk_Trial_LtIt.ttf */,
				6355D4121B166F62007C487D /* AktivGrotesk_Trial_Md.ttf */,
				6355D4131B166F62007C487D /* AktivGrotesk_Trial_MdIt.ttf */,
				6355D4141B166F62007C487D /* AktivGrotesk_Trial_Rg.ttf */,
				6355D4151B166F62007C487D /* AktivGrotesk_Trial_Th.ttf */,
				6355D4161B166F62007C487D /* AktivGrotesk_Trial_ThIt.ttf */,
				6355D4171B166F62007C487D /* AktivGrotesk_Trial_XBd.ttf */,
				6355D4181B166F62007C487D /* AktivGrotesk_Trial_XBdIt.ttf */,
				6355D4191B166F62007C487D /* Release_notes_Aktiv_Grotesk_V2.000.txt */,
				6355D41A1B166F62007C487D /* TrialLicenceAgreement.pdf */,
			);
			path = Fonts;
			sourceTree = "<group>";
		};
		7C0FCFA3A6188177AC54EB96 /* Helpers */ = {
			isa = PBXGroup;
			children = (
			);
			path = Helpers;
			sourceTree = "<group>";
		};
		82C00504F94A748A9649ECDC /* Frameworks */ = {
			isa = PBXGroup;
			children = (
				1DC9548976DEC5D887A8FB65 /* iOS */,
				AF5AB66C3E9BBB12D6543D2F /* Pods.framework */,
				01CB7E8D93C187BBEC6EC18A /* Pods_unit_tests.framework */,
			);
			name = Frameworks;
			sourceTree = "<group>";
		};
		946D5D48EF032C5FC0FA5235 /* Pods */ = {
			isa = PBXGroup;
			children = (
				0C9C40B995F5ACADED7FC609 /* Pods-unit_tests.release.xcconfig */,
				DF469AFE43C239A216347058 /* Pods-unit_tests.debug.xcconfig */,
				7C77E345F51502277A5D32A6 /* Pods.release.xcconfig */,
				0914A2168B0A61D6C894FFAC /* Pods.debug.xcconfig */,
			);
			name = Pods;
			sourceTree = "<group>";
		};
		D421791053110F384ADFE2E2 = {
			isa = PBXGroup;
			children = (
				632C549A1B1226FF00FAD55E /* Eventually */,
				423B3F5D7B6F84B44AAB6858 /* UnitTests */,
				82C00504F94A748A9649ECDC /* Frameworks */,
				2B035AB7D7F142AE0F8C8964 /* Products */,
				946D5D48EF032C5FC0FA5235 /* Pods */,
			);
			indentWidth = 4;
			sourceTree = "<group>";
			tabWidth = 4;
			usesTabs = 0;
		};
/* End PBXGroup section */

/* Begin PBXNativeTarget section */
		18078A995ED81A9BF8215B5E /* UnitTests */ = {
			isa = PBXNativeTarget;
			buildConfigurationList = 70EF705BC4C8DF2395B13F1D /* Build configuration list for PBXNativeTarget "UnitTests" */;
			buildPhases = (
				5F923D91BE2DB7E8400D71A6 /* Check Pods Manifest.lock */,
				9ABB45D57BF8D5EF3CE50C89 /* Sources */,
				7A2149BD6D3F6FAE13E48F7F /* Frameworks */,
				F7B76D78343B61CF23A23F8E /* Resources */,
				00F524E7B0D46DA6FF4924F3 /* Copy Pods Resources */,
				E0EFCB9FB3DCC75AC5666285 /* Embed Pods Frameworks */,
			);
			buildRules = (
			);
			dependencies = (
				567BB58C8437DBEB70D94993 /* PBXTargetDependency */,
			);
			name = UnitTests;
			productName = UnitTests;
			productReference = FBE0E30AB505365EACD4F9D8 /* UnitTests.xctest */;
			productType = "com.apple.product-type.bundle.unit-test";
		};
		BF50A99B50C0FF2B1698C756 /* Eventually */ = {
			isa = PBXNativeTarget;
			buildConfigurationList = 7C138CA496544260A88E246D /* Build configuration list for PBXNativeTarget "Eventually" */;
			buildPhases = (
				0063687F28E424E5FE344DE8 /* Check Pods Manifest.lock */,
				D5223C4ECCA285DD7EA4FDB9 /* Sources */,
				4EFB3D80C3984B50964C3158 /* Frameworks */,
				29DB7FC134EF256C1E3711AA /* Resources */,
				2AF9D4583CE3105A6E4FC57F /* Warn for TODO and FIXME comments */,
				A3362AAD70C05E533E100BE2 /* Set version number */,
				038D35207BF5A82655BE57D9 /* Embed Pods Frameworks */,
				FBAACF185C71E69CBAE5B41B /* Copy Pods Resources */,
			);
			buildRules = (
			);
			dependencies = (
			);
			name = Eventually;
			productName = Almanac;
			productReference = 06338A4A19845DCA30611F5A /* Eventually.app */;
			productType = "com.apple.product-type.application";
		};
/* End PBXNativeTarget section */

/* Begin PBXProject section */
		AB62D4AF7AAA1A13C2C9C62D /* Project object */ = {
			isa = PBXProject;
			attributes = {
				CLASSPREFIX = "";
				LastUpgradeCheck = 0640;
				ORGANIZATIONNAME = "David Barsky";
				TargetAttributes = {
					BF50A99B50C0FF2B1698C756 = {
						DevelopmentTeam = H98X6Z55WK;
					};
				};
			};
			buildConfigurationList = 11DB05AF874552ED260098AF /* Build configuration list for PBXProject "Eventually" */;
			compatibilityVersion = "Xcode 3.2";
			developmentRegion = English;
			hasScannedForEncodings = 0;
			knownRegions = (
				en,
			);
			mainGroup = D421791053110F384ADFE2E2;
			productRefGroup = 2B035AB7D7F142AE0F8C8964 /* Products */;
			projectDirPath = "";
			projectRoot = "";
			targets = (
				BF50A99B50C0FF2B1698C756 /* Eventually */,
				18078A995ED81A9BF8215B5E /* UnitTests */,
			);
		};
/* End PBXProject section */

/* Begin PBXResourcesBuildPhase section */
		29DB7FC134EF256C1E3711AA /* Resources */ = {
			isa = PBXResourcesBuildPhase;
			buildActionMask = 2147483647;
			files = (
				6355D41F1B166F62007C487D /* AktivGrotesk_Trial_Hair.ttf in Resources */,
				6355D42B1B166F62007C487D /* Release_notes_Aktiv_Grotesk_V2.000.txt in Resources */,
				6355D4231B166F62007C487D /* AktivGrotesk_Trial_LtIt.ttf in Resources */,
				6355D4251B166F62007C487D /* AktivGrotesk_Trial_MdIt.ttf in Resources */,
				6355D42C1B166F62007C487D /* TrialLicenceAgreement.pdf in Resources */,
				6355D42A1B166F62007C487D /* AktivGrotesk_Trial_XBdIt.ttf in Resources */,
				6355D4291B166F62007C487D /* AktivGrotesk_Trial_XBd.ttf in Resources */,
				6355D41B1B166F62007C487D /* AktivGrotesk_Trial_Bd.ttf in Resources */,
				6355D4211B166F62007C487D /* AktivGrotesk_Trial_It.ttf in Resources */,
				632C54A11B1226FF00FAD55E /* Settings.bundle in Resources */,
				6355D4261B166F62007C487D /* AktivGrotesk_Trial_Rg.ttf in Resources */,
				6355D41C1B166F62007C487D /* AktivGrotesk_Trial_BdIt.ttf in Resources */,
				6355D4271B166F62007C487D /* AktivGrotesk_Trial_Th.ttf in Resources */,
				6355D4241B166F62007C487D /* AktivGrotesk_Trial_Md.ttf in Resources */,
				632C54A21B1226FF00FAD55E /* Main.storyboard in Resources */,
				632C549F1B1226FF00FAD55E /* LaunchScreen.xib in Resources */,
				6355D4281B166F62007C487D /* AktivGrotesk_Trial_ThIt.ttf in Resources */,
				632C549E1B1226FF00FAD55E /* Contents.json in Resources */,
				6355D41E1B166F62007C487D /* AktivGrotesk_Trial_BlkIt.ttf in Resources */,
				6355D4221B166F62007C487D /* AktivGrotesk_Trial_Lt.ttf in Resources */,
				6355D4201B166F62007C487D /* AktivGrotesk_Trial_HairIt.ttf in Resources */,
				6355D41D1B166F62007C487D /* AktivGrotesk_Trial_Blk.ttf in Resources */,
			);
			runOnlyForDeploymentPostprocessing = 0;
		};
		F7B76D78343B61CF23A23F8E /* Resources */ = {
			isa = PBXResourcesBuildPhase;
			buildActionMask = 2147483647;
			files = (
			);
			runOnlyForDeploymentPostprocessing = 0;
		};
/* End PBXResourcesBuildPhase section */

/* Begin PBXShellScriptBuildPhase section */
		0063687F28E424E5FE344DE8 /* Check Pods Manifest.lock */ = {
			isa = PBXShellScriptBuildPhase;
			buildActionMask = 2147483647;
			files = (
			);
			inputPaths = (
			);
			name = "Check Pods Manifest.lock";
			outputPaths = (
			);
			runOnlyForDeploymentPostprocessing = 0;
			shellPath = /bin/sh;
			shellScript = "diff \"${PODS_ROOT}/../Podfile.lock\" \"${PODS_ROOT}/Manifest.lock\" > /dev/null\nif [[ $? != 0 ]] ; then\n    cat << EOM\nerror: The sandbox is not in sync with the Podfile.lock. Run 'pod install' or update your CocoaPods installation.\nEOM\n    exit 1\nfi\n";
			showEnvVarsInLog = 0;
		};
		00F524E7B0D46DA6FF4924F3 /* Copy Pods Resources */ = {
			isa = PBXShellScriptBuildPhase;
			buildActionMask = 2147483647;
			files = (
			);
			inputPaths = (
			);
			name = "Copy Pods Resources";
			outputPaths = (
			);
			runOnlyForDeploymentPostprocessing = 0;
			shellPath = /bin/sh;
			shellScript = "\"${SRCROOT}/Pods/Target Support Files/Pods-unit_tests/Pods-unit_tests-resources.sh\"\n";
			showEnvVarsInLog = 0;
		};
		038D35207BF5A82655BE57D9 /* Embed Pods Frameworks */ = {
			isa = PBXShellScriptBuildPhase;
			buildActionMask = 2147483647;
			files = (
			);
			inputPaths = (
			);
			name = "Embed Pods Frameworks";
			outputPaths = (
			);
			runOnlyForDeploymentPostprocessing = 0;
			shellPath = /bin/sh;
			shellScript = "\"${SRCROOT}/Pods/Target Support Files/Pods/Pods-frameworks.sh\"\n";
			showEnvVarsInLog = 0;
		};
		2AF9D4583CE3105A6E4FC57F /* Warn for TODO and FIXME comments */ = {
			isa = PBXShellScriptBuildPhase;
			buildActionMask = 2147483647;
			files = (
			);
			inputPaths = (
			);
			name = "Warn for TODO and FIXME comments";
			outputPaths = (
			);
			runOnlyForDeploymentPostprocessing = 0;
			shellPath = /bin/sh;
			shellScript = "KEYWORDS=\"TODO:|FIXME:|\\?\\?\\?:|\\!\\!\\!:\"\nFILE_EXTENSIONS=\"swift|h|m|mm|c|cpp\"\nfind -E \"${SRCROOT}\" -ipath \"${SRCROOT}/pods\" -prune -o \\( -regex \".*\\.($FILE_EXTENSIONS)$\" \\) -print0 | xargs -0 egrep --with-filename --line-number --only-matching \"($KEYWORDS).*\\$\" | perl -p -e \"s/($KEYWORDS)/ warning: \\$1/\"\n";
		};
		5F923D91BE2DB7E8400D71A6 /* Check Pods Manifest.lock */ = {
			isa = PBXShellScriptBuildPhase;
			buildActionMask = 2147483647;
			files = (
			);
			inputPaths = (
			);
			name = "Check Pods Manifest.lock";
			outputPaths = (
			);
			runOnlyForDeploymentPostprocessing = 0;
			shellPath = /bin/sh;
			shellScript = "diff \"${PODS_ROOT}/../Podfile.lock\" \"${PODS_ROOT}/Manifest.lock\" > /dev/null\nif [[ $? != 0 ]] ; then\n    cat << EOM\nerror: The sandbox is not in sync with the Podfile.lock. Run 'pod install' or update your CocoaPods installation.\nEOM\n    exit 1\nfi\n";
			showEnvVarsInLog = 0;
		};
		A3362AAD70C05E533E100BE2 /* Set version number */ = {
			isa = PBXShellScriptBuildPhase;
			buildActionMask = 2147483647;
			files = (
			);
			inputPaths = (
			);
			name = "Set version number";
			outputPaths = (
			);
			runOnlyForDeploymentPostprocessing = 0;
			shellPath = /bin/sh;
			shellScript = "git=$(sh /etc/profile; which git)\ngit_release_version=$(\"$git\" describe --tags --always --abbrev=0)\nnumber_of_commits=$(\"$git\" rev-list master | wc -l | tr -d ' ')\ntarget_plist=\"$TARGET_BUILD_DIR/$INFOPLIST_PATH\"\ndsym_plist=\"$DWARF_DSYM_FOLDER_PATH/$DWARF_DSYM_FILE_NAME/Contents/Info.plist\"\n\nfor plist in \"$target_plist\" \"$dsym_plist\"; do\n  if [ -f \"$plist\" ]; then\n    /usr/libexec/PlistBuddy -c \"Set :CFBundleVersion $number_of_commits\" \"$plist\"\n    /usr/libexec/PlistBuddy -c \"Set :CFBundleShortVersionString ${git_release_version#*v}\" \"$plist\"\n  fi\ndone\n";
		};
		E0EFCB9FB3DCC75AC5666285 /* Embed Pods Frameworks */ = {
			isa = PBXShellScriptBuildPhase;
			buildActionMask = 2147483647;
			files = (
			);
			inputPaths = (
			);
			name = "Embed Pods Frameworks";
			outputPaths = (
			);
			runOnlyForDeploymentPostprocessing = 0;
			shellPath = /bin/sh;
			shellScript = "\"${SRCROOT}/Pods/Target Support Files/Pods-unit_tests/Pods-unit_tests-frameworks.sh\"\n";
			showEnvVarsInLog = 0;
		};
		FBAACF185C71E69CBAE5B41B /* Copy Pods Resources */ = {
			isa = PBXShellScriptBuildPhase;
			buildActionMask = 2147483647;
			files = (
			);
			inputPaths = (
			);
			name = "Copy Pods Resources";
			outputPaths = (
			);
			runOnlyForDeploymentPostprocessing = 0;
			shellPath = /bin/sh;
			shellScript = "\"${SRCROOT}/Pods/Target Support Files/Pods/Pods-resources.sh\"\n";
			showEnvVarsInLog = 0;
		};
/* End PBXShellScriptBuildPhase section */

/* Begin PBXSourcesBuildPhase section */
		9ABB45D57BF8D5EF3CE50C89 /* Sources */ = {
			isa = PBXSourcesBuildPhase;
			buildActionMask = 2147483647;
			files = (
			);
			runOnlyForDeploymentPostprocessing = 0;
		};
		D5223C4ECCA285DD7EA4FDB9 /* Sources */ = {
			isa = PBXSourcesBuildPhase;
			buildActionMask = 2147483647;
			files = (
				632C54A31B1226FF00FAD55E /* EventCell.swift in Sources */,
				6355D4361B175F91007C487D /* Toolbar.swift in Sources */,
				6355D4341B16AE31007C487D /* FlowLayout.swift in Sources */,
				6355D4321B168868007C487D /* UIColor+Eventually.swift in Sources */,
				632C549C1B1226FF00FAD55E /* EventManager.swift in Sources */,
				6355D42E1B167262007C487D /* DateHeaderCell.swift in Sources */,
				632C549B1B1226FF00FAD55E /* AppDelegate.swift in Sources */,
				6355D4071B16202B007C487D /* NavigationBar.swift in Sources */,
				6355D4051B161FBB007C487D /* EventListView.swift in Sources */,
				63485D0D1B1542C0004CCF63 /* NSDate+Eventually.swift in Sources */,
				63B66BAA1B21082300BF76D4 /* ComposeEventViewController.swift in Sources */,
				6355D4301B167803007C487D /* UIView+Eventually.swift in Sources */,
				63B66BA81B1BE22600BF76D4 /* UIFont+Eventually.swift in Sources */,
				63B66BA61B1BE11800BF76D4 /* EventDetailView.swift in Sources */,
				632C549D1B1226FF00FAD55E /* EventsViewController.swift in Sources */,
				63B66BA21B1BC92400BF76D4 /* EventDetailViewController.swift in Sources */,
				63485D0A1B13FB5E004CCF63 /* EventCollection.swift in Sources */,
			);
			runOnlyForDeploymentPostprocessing = 0;
		};
/* End PBXSourcesBuildPhase section */

/* Begin PBXTargetDependency section */
		567BB58C8437DBEB70D94993 /* PBXTargetDependency */ = {
			isa = PBXTargetDependency;
			target = BF50A99B50C0FF2B1698C756 /* Eventually */;
			targetProxy = B6228DCDF70B69ABBAA509F0 /* PBXContainerItemProxy */;
		};
/* End PBXTargetDependency section */

/* Begin XCBuildConfiguration section */
		10B2C1BCB267780DC445EE7A /* Release */ = {
			isa = XCBuildConfiguration;
			baseConfigurationReference = 0C9C40B995F5ACADED7FC609 /* Pods-unit_tests.release.xcconfig */;
			buildSettings = {
				BUNDLE_LOADER = "$(BUILT_PRODUCTS_DIR)/Almanac.app/Almanac";
				FRAMEWORK_SEARCH_PATHS = (
					"$(SDKROOT)/Developer/Library/Frameworks",
					"$(inherited)",
					"$(DEVELOPER_FRAMEWORKS_DIR)",
				);
				INFOPLIST_FILE = "UnitTests/Resources/UnitTests-Info.plist";
				PRODUCT_NAME = "$(TARGET_NAME)";
				SDKROOT = iphoneos;
				SKIP_INSTALL = YES;
				TEST_HOST = "$(BUNDLE_LOADER)";
				WRAPPER_EXTENSION = xctest;
			};
			name = Release;
		};
		30BED769F983F340802F021D /* Debug */ = {
			isa = XCBuildConfiguration;
			buildSettings = {
				ALWAYS_SEARCH_USER_PATHS = NO;
				ASSETCATALOG_COMPILER_APPICON_NAME = AppIcon;
				CLANG_CXX_LANGUAGE_STANDARD = "gnu++0x";
				CLANG_CXX_LIBRARY = "libc++";
				CLANG_ENABLE_MODULES = YES;
				CLANG_ENABLE_OBJC_ARC = YES;
				CLANG_WARN_BOOL_CONVERSION = YES;
				CLANG_WARN_CONSTANT_CONVERSION = YES;
				CLANG_WARN_DEPRECATED_OBJC_IMPLEMENTATIONS = YES;
				CLANG_WARN_DIRECT_OBJC_ISA_USAGE = YES;
				CLANG_WARN_EMPTY_BODY = YES;
				CLANG_WARN_ENUM_CONVERSION = YES;
				CLANG_WARN_IMPLICIT_SIGN_CONVERSION = YES;
				CLANG_WARN_INT_CONVERSION = YES;
				CLANG_WARN_OBJC_IMPLICIT_RETAIN_SELF = YES;
				CLANG_WARN_OBJC_ROOT_CLASS = YES;
				CLANG_WARN_SUSPICIOUS_IMPLICIT_CONVERSION = YES;
				"CODE_SIGN_IDENTITY[sdk=iphoneos*]" = "iPhone Developer";
				COPY_PHASE_STRIP = YES;
				GCC_C_LANGUAGE_STANDARD = gnu99;
				GCC_DYNAMIC_NO_PIC = NO;
				GCC_OPTIMIZATION_LEVEL = 0;
				GCC_PREPROCESSOR_DEFINITIONS = (
					"DEBUG=1",
					"$(inherited)",
				);
				GCC_SYMBOLS_PRIVATE_EXTERN = NO;
				GCC_WARN_64_TO_32_BIT_CONVERSION = YES;
				GCC_WARN_ABOUT_DEPRECATED_FUNCTIONS = YES;
				GCC_WARN_ABOUT_MISSING_FIELD_INITIALIZERS = YES;
				GCC_WARN_ABOUT_MISSING_NEWLINE = YES;
				GCC_WARN_ABOUT_RETURN_TYPE = YES;
				GCC_WARN_CHECK_SWITCH_STATEMENTS = YES;
				GCC_WARN_INITIALIZER_NOT_FULLY_BRACKETED = YES;
				GCC_WARN_MISSING_PARENTHESES = YES;
				GCC_WARN_SHADOW = YES;
				GCC_WARN_SIGN_COMPARE = YES;
				GCC_WARN_TYPECHECK_CALLS_TO_PRINTF = YES;
				GCC_WARN_UNDECLARED_SELECTOR = YES;
				GCC_WARN_UNINITIALIZED_AUTOS = YES;
				GCC_WARN_UNUSED_FUNCTION = YES;
				GCC_WARN_UNUSED_LABEL = YES;
				GCC_WARN_UNUSED_VALUE = YES;
				GCC_WARN_UNUSED_VARIABLE = YES;
				IPHONEOS_DEPLOYMENT_TARGET = 8.0;
				ONLY_ACTIVE_ARCH = YES;
				RUN_CLANG_STATIC_ANALYZER = YES;
				SDKROOT = iphoneos;
			};
			name = Debug;
		};
		469C1F773B3C935B857D79EE /* Debug */ = {
			isa = XCBuildConfiguration;
			baseConfigurationReference = 0914A2168B0A61D6C894FFAC /* Pods.debug.xcconfig */;
			buildSettings = {
				ALWAYS_SEARCH_USER_PATHS = NO;
				CLANG_ENABLE_MODULES = YES;
				CODE_SIGN_IDENTITY = "iPhone Developer";
				COPY_PHASE_STRIP = NO;
				DSTROOT = /tmp/xcodeproj.dst;
				GCC_DYNAMIC_NO_PIC = NO;
				GCC_OPTIMIZATION_LEVEL = 0;
				GCC_PRECOMPILE_PREFIX_HEADER = YES;
				GCC_PREPROCESSOR_DEFINITIONS = (
					"DEBUG=1",
					"$(inherited)",
				);
				GCC_SYMBOLS_PRIVATE_EXTERN = NO;
				INFOPLIST_FILE = "$(SRCROOT)/Eventually/Resources/Other-Sources/Info.plist";
				INSTALL_PATH = "$(BUILT_PRODUCTS_DIR)";
				IPHONEOS_DEPLOYMENT_TARGET = 8.1;
				LD_RUNPATH_SEARCH_PATHS = "$(inherited) @executable_path/Frameworks";
				PRODUCT_NAME = Eventually;
				PUBLIC_HEADERS_FOLDER_PATH = "$(TARGET_NAME)";
				SDKROOT = iphoneos;
				SWIFT_OBJC_BRIDGING_HEADER = "Eventually/Eventually-Bridging-Header.h";
				SWIFT_OPTIMIZATION_LEVEL = "-Onone";
			};
			name = Debug;
		};
		4D7BD38F8C4F2FFC2284FC81 /* Release */ = {
			isa = XCBuildConfiguration;
			baseConfigurationReference = 7C77E345F51502277A5D32A6 /* Pods.release.xcconfig */;
			buildSettings = {
				ALWAYS_SEARCH_USER_PATHS = NO;
				CLANG_ENABLE_MODULES = YES;
				CODE_SIGN_IDENTITY = "iPhone Developer";
				COPY_PHASE_STRIP = YES;
				DSTROOT = /tmp/xcodeproj.dst;
				GCC_PRECOMPILE_PREFIX_HEADER = YES;
				GCC_TREAT_WARNINGS_AS_ERRORS = YES;
				INFOPLIST_FILE = "$(SRCROOT)/Eventually/Resources/Other-Sources/Info.plist";
				INSTALL_PATH = "$(BUILT_PRODUCTS_DIR)";
				IPHONEOS_DEPLOYMENT_TARGET = 8.1;
				LD_RUNPATH_SEARCH_PATHS = "$(inherited) @executable_path/Frameworks";
				OTHER_CFLAGS = (
					"-DNS_BLOCK_ASSERTIONS=1",
					"$(inherited)",
				);
				OTHER_CPLUSPLUSFLAGS = (
					"-DNS_BLOCK_ASSERTIONS=1",
					"$(inherited)",
				);
				PRODUCT_NAME = Eventually;
				PUBLIC_HEADERS_FOLDER_PATH = "$(TARGET_NAME)";
				SDKROOT = iphoneos;
				SWIFT_OBJC_BRIDGING_HEADER = "Eventually/Eventually-Bridging-Header.h";
				VALIDATE_PRODUCT = YES;
			};
			name = Release;
		};
		8310D223BC6156BFE327EA91 /* Release */ = {
			isa = XCBuildConfiguration;
			buildSettings = {
				ALWAYS_SEARCH_USER_PATHS = NO;
				ASSETCATALOG_COMPILER_APPICON_NAME = AppIcon;
				CLANG_CXX_LANGUAGE_STANDARD = "gnu++0x";
				CLANG_CXX_LIBRARY = "libc++";
				CLANG_ENABLE_MODULES = YES;
				CLANG_ENABLE_OBJC_ARC = YES;
				CLANG_WARN_BOOL_CONVERSION = YES;
				CLANG_WARN_CONSTANT_CONVERSION = YES;
				CLANG_WARN_DEPRECATED_OBJC_IMPLEMENTATIONS = YES;
				CLANG_WARN_DIRECT_OBJC_ISA_USAGE = YES;
				CLANG_WARN_EMPTY_BODY = YES;
				CLANG_WARN_ENUM_CONVERSION = YES;
				CLANG_WARN_IMPLICIT_SIGN_CONVERSION = YES;
				CLANG_WARN_INT_CONVERSION = YES;
				CLANG_WARN_OBJC_IMPLICIT_RETAIN_SELF = YES;
				CLANG_WARN_OBJC_ROOT_CLASS = YES;
				CLANG_WARN_SUSPICIOUS_IMPLICIT_CONVERSION = YES;
				"CODE_SIGN_IDENTITY[sdk=iphoneos*]" = "iPhone Developer";
				COPY_PHASE_STRIP = NO;
				ENABLE_NS_ASSERTIONS = NO;
				GCC_C_LANGUAGE_STANDARD = gnu99;
				GCC_WARN_64_TO_32_BIT_CONVERSION = YES;
				GCC_WARN_ABOUT_DEPRECATED_FUNCTIONS = YES;
				GCC_WARN_ABOUT_MISSING_FIELD_INITIALIZERS = YES;
				GCC_WARN_ABOUT_MISSING_NEWLINE = YES;
				GCC_WARN_ABOUT_RETURN_TYPE = YES;
				GCC_WARN_CHECK_SWITCH_STATEMENTS = YES;
				GCC_WARN_INITIALIZER_NOT_FULLY_BRACKETED = YES;
				GCC_WARN_MISSING_PARENTHESES = YES;
				GCC_WARN_SHADOW = YES;
				GCC_WARN_SIGN_COMPARE = YES;
				GCC_WARN_TYPECHECK_CALLS_TO_PRINTF = YES;
				GCC_WARN_UNDECLARED_SELECTOR = YES;
				GCC_WARN_UNINITIALIZED_AUTOS = YES;
				GCC_WARN_UNUSED_FUNCTION = YES;
				GCC_WARN_UNUSED_LABEL = YES;
				GCC_WARN_UNUSED_VALUE = YES;
				GCC_WARN_UNUSED_VARIABLE = YES;
				IPHONEOS_DEPLOYMENT_TARGET = 8.0;
				RUN_CLANG_STATIC_ANALYZER = YES;
				SDKROOT = iphoneos;
				VALIDATE_PRODUCT = YES;
			};
			name = Release;
		};
		F3C4CC483989B24E6BDA74A4 /* Debug */ = {
			isa = XCBuildConfiguration;
			baseConfigurationReference = DF469AFE43C239A216347058 /* Pods-unit_tests.debug.xcconfig */;
			buildSettings = {
				BUNDLE_LOADER = "$(BUILT_PRODUCTS_DIR)/Almanac.app/Almanac";
				FRAMEWORK_SEARCH_PATHS = (
					"$(SDKROOT)/Developer/Library/Frameworks",
					"$(inherited)",
					"$(DEVELOPER_FRAMEWORKS_DIR)",
				);
				INFOPLIST_FILE = "UnitTests/Resources/UnitTests-Info.plist";
				PRODUCT_NAME = "$(TARGET_NAME)";
				SDKROOT = iphoneos;
				SKIP_INSTALL = YES;
				TEST_HOST = "$(BUNDLE_LOADER)";
				WRAPPER_EXTENSION = xctest;
			};
			name = Debug;
		};
/* End XCBuildConfiguration section */

/* Begin XCConfigurationList section */
		11DB05AF874552ED260098AF /* Build configuration list for PBXProject "Eventually" */ = {
			isa = XCConfigurationList;
			buildConfigurations = (
				30BED769F983F340802F021D /* Debug */,
				8310D223BC6156BFE327EA91 /* Release */,
			);
			defaultConfigurationIsVisible = 0;
			defaultConfigurationName = Release;
		};
		70EF705BC4C8DF2395B13F1D /* Build configuration list for PBXNativeTarget "UnitTests" */ = {
			isa = XCConfigurationList;
			buildConfigurations = (
				10B2C1BCB267780DC445EE7A /* Release */,
				F3C4CC483989B24E6BDA74A4 /* Debug */,
			);
			defaultConfigurationIsVisible = 0;
			defaultConfigurationName = Release;
		};
		7C138CA496544260A88E246D /* Build configuration list for PBXNativeTarget "Eventually" */ = {
			isa = XCConfigurationList;
			buildConfigurations = (
				4D7BD38F8C4F2FFC2284FC81 /* Release */,
				469C1F773B3C935B857D79EE /* Debug */,
			);
			defaultConfigurationIsVisible = 0;
			defaultConfigurationName = Release;
		};
/* End XCConfigurationList section */
	};
	rootObject = AB62D4AF7AAA1A13C2C9C62D /* Project object */;
}
